// !$*UTF8*$!
{
	archiveVersion = 1;
	classes = {
	};
	objectVersion = 77;
	objects = {

/* Begin PBXBuildFile section */
		2A0ED8782E5A803100884F3B /* BumperSoundEffect.mp3 in Resources */ = {isa = PBXBuildFile; fileRef = 2A0ED86A2E5A803100884F3B /* BumperSoundEffect.mp3 */; };
		2A0ED8792E5A803100884F3B /* SettingChanged.wav in Resources */ = {isa = PBXBuildFile; fileRef = 2A0ED8752E5A803100884F3B /* SettingChanged.wav */; };
		2A0ED87A2E5A803100884F3B /* ItemSmashed.mp3 in Resources */ = {isa = PBXBuildFile; fileRef = 2A0ED8702E5A803100884F3B /* ItemSmashed.mp3 */; };
		2A0ED87B2E5A803100884F3B /* HittingMeteorSoundEffect.wav in Resources */ = {isa = PBXBuildFile; fileRef = 2A0ED86F2E5A803100884F3B /* HittingMeteorSoundEffect.wav */; };
		2A0ED87C2E5A803100884F3B /* ClockTickSound.wav in Resources */ = {isa = PBXBuildFile; fileRef = 2A0ED86C2E5A803100884F3B /* ClockTickSound.wav */; };
		2A0ED87D2E5A803100884F3B /* LaserImpactSound.wav in Resources */ = {isa = PBXBuildFile; fileRef = 2A0ED8712E5A803100884F3B /* LaserImpactSound.wav */; };
		2A0ED87E2E5A803100884F3B /* LoseSound.mp3 in Resources */ = {isa = PBXBuildFile; fileRef = 2A0ED8722E5A803100884F3B /* LoseSound.mp3 */; };
		2A0ED87F2E5A803100884F3B /* FlipperSoundEffect.wav in Resources */ = {isa = PBXBuildFile; fileRef = 2A0ED86D2E5A803100884F3B /* FlipperSoundEffect.wav */; };
		2A0ED8802E5A803100884F3B /* PunReleased.wav in Resources */ = {isa = PBXBuildFile; fileRef = 2A0ED8742E5A803100884F3B /* PunReleased.wav */; };
		2A0ED8812E5A803100884F3B /* TeleportationFromPinballToBoss.wav in Resources */ = {isa = PBXBuildFile; fileRef = 2A0ED8762E5A803100884F3B /* TeleportationFromPinballToBoss.wav */; };
		2A0ED8822E5A803100884F3B /* ButtonPressed.wav in Resources */ = {isa = PBXBuildFile; fileRef = 2A0ED86B2E5A803100884F3B /* ButtonPressed.wav */; };
		2A0ED8832E5A803100884F3B /* GettingHitWithAirAttack.wav in Resources */ = {isa = PBXBuildFile; fileRef = 2A0ED86E2E5A803100884F3B /* GettingHitWithAirAttack.wav */; };
		2A0ED8842E5A803100884F3B /* TransitionSoundFromFlipperToPun.wav in Resources */ = {isa = PBXBuildFile; fileRef = 2A0ED8772E5A803100884F3B /* TransitionSoundFromFlipperToPun.wav */; };
		2A0ED8862E5A803100884F3B /* AchievementUnlocked.wav in Resources */ = {isa = PBXBuildFile; fileRef = 2A0ED8672E5A803100884F3B /* AchievementUnlocked.wav */; };
		2A0ED8872E5A803100884F3B /* BossLaserAttackChargeUp.wav in Resources */ = {isa = PBXBuildFile; fileRef = 2A0ED8682E5A803100884F3B /* BossLaserAttackChargeUp.wav */; };
		2A0ED88A2E5A88E600884F3B /* BallRevival.wav in Resources */ = {isa = PBXBuildFile; fileRef = 2A0ED8892E5A88E600884F3B /* BallRevival.wav */; };
		2A0ED88C2E5A8C4300884F3B /* BallJump.wav in Resources */ = {isa = PBXBuildFile; fileRef = 2A0ED88B2E5A8C4300884F3B /* BallJump.wav */; };
		2A0ED8922E5A9F6100884F3B /* BossPushAttackCharge.wav in Resources */ = {isa = PBXBuildFile; fileRef = 2A0ED8912E5A9F6100884F3B /* BossPushAttackCharge.wav */; };
		2A1E506D2E5AE07F0041DF44 /* PinballScreenMusic.mp3 in Resources */ = {isa = PBXBuildFile; fileRef = 2A1E506B2E5AE07F0041DF44 /* PinballScreenMusic.mp3 */; };
		2A1E506E2E5AE07F0041DF44 /* BossMusic.mp3 in Resources */ = {isa = PBXBuildFile; fileRef = 2A1E506A2E5AE07F0041DF44 /* BossMusic.mp3 */; };
		2A1E506F2E5AE07F0041DF44 /* StartupScreenMusic.mp3 in Resources */ = {isa = PBXBuildFile; fileRef = 2A1E506C2E5AE07F0041DF44 /* StartupScreenMusic.mp3 */; };
		2A710CCF2E725FB7009C68A1 /* GoogleMobileAds in Frameworks */ = {isa = PBXBuildFile; productRef = 2A710CCE2E725FB7009C68A1 /* GoogleMobileAds */; };
/* End PBXBuildFile section */

/* Begin PBXContainerItemProxy section */
		2AFE52FA2E347FEC00B2CDEA /* PBXContainerItemProxy */ = {
			isa = PBXContainerItemProxy;
			containerPortal = 2AFE52E12E347FEB00B2CDEA /* Project object */;
			proxyType = 1;
			remoteGlobalIDString = 2AFE52E82E347FEB00B2CDEA;
			remoteInfo = PinballMadness;
		};
		2AFE53042E347FEC00B2CDEA /* PBXContainerItemProxy */ = {
			isa = PBXContainerItemProxy;
			containerPortal = 2AFE52E12E347FEB00B2CDEA /* Project object */;
			proxyType = 1;
			remoteGlobalIDString = 2AFE52E82E347FEB00B2CDEA;
			remoteInfo = PinballMadness;
		};
/* End PBXContainerItemProxy section */

/* Begin PBXFileReference section */
		2A0ED8672E5A803100884F3B /* AchievementUnlocked.wav */ = {isa = PBXFileReference; lastKnownFileType = audio.wav; path = AchievementUnlocked.wav; sourceTree = "<group>"; };
		2A0ED8682E5A803100884F3B /* BossLaserAttackChargeUp.wav */ = {isa = PBXFileReference; lastKnownFileType = audio.wav; path = BossLaserAttackChargeUp.wav; sourceTree = "<group>"; };
		2A0ED86A2E5A803100884F3B /* BumperSoundEffect.mp3 */ = {isa = PBXFileReference; lastKnownFileType = audio.mp3; path = BumperSoundEffect.mp3; sourceTree = "<group>"; };
		2A0ED86B2E5A803100884F3B /* ButtonPressed.wav */ = {isa = PBXFileReference; lastKnownFileType = audio.wav; path = ButtonPressed.wav; sourceTree = "<group>"; };
		2A0ED86C2E5A803100884F3B /* ClockTickSound.wav */ = {isa = PBXFileReference; lastKnownFileType = audio.wav; path = ClockTickSound.wav; sourceTree = "<group>"; };
		2A0ED86D2E5A803100884F3B /* FlipperSoundEffect.wav */ = {isa = PBXFileReference; lastKnownFileType = audio.wav; path = FlipperSoundEffect.wav; sourceTree = "<group>"; };
		2A0ED86E2E5A803100884F3B /* GettingHitWithAirAttack.wav */ = {isa = PBXFileReference; lastKnownFileType = audio.wav; path = GettingHitWithAirAttack.wav; sourceTree = "<group>"; };
		2A0ED86F2E5A803100884F3B /* HittingMeteorSoundEffect.wav */ = {isa = PBXFileReference; lastKnownFileType = audio.wav; path = HittingMeteorSoundEffect.wav; sourceTree = "<group>"; };
		2A0ED8702E5A803100884F3B /* ItemSmashed.mp3 */ = {isa = PBXFileReference; lastKnownFileType = audio.mp3; path = ItemSmashed.mp3; sourceTree = "<group>"; };
		2A0ED8712E5A803100884F3B /* LaserImpactSound.wav */ = {isa = PBXFileReference; lastKnownFileType = audio.wav; path = LaserImpactSound.wav; sourceTree = "<group>"; };
		2A0ED8722E5A803100884F3B /* LoseSound.mp3 */ = {isa = PBXFileReference; lastKnownFileType = audio.mp3; path = LoseSound.mp3; sourceTree = "<group>"; };
		2A0ED8742E5A803100884F3B /* PunReleased.wav */ = {isa = PBXFileReference; lastKnownFileType = audio.wav; path = PunReleased.wav; sourceTree = "<group>"; };
		2A0ED8752E5A803100884F3B /* SettingChanged.wav */ = {isa = PBXFileReference; lastKnownFileType = audio.wav; path = SettingChanged.wav; sourceTree = "<group>"; };
		2A0ED8762E5A803100884F3B /* TeleportationFromPinballToBoss.wav */ = {isa = PBXFileReference; lastKnownFileType = audio.wav; path = TeleportationFromPinballToBoss.wav; sourceTree = "<group>"; };
		2A0ED8772E5A803100884F3B /* TransitionSoundFromFlipperToPun.wav */ = {isa = PBXFileReference; lastKnownFileType = audio.wav; path = TransitionSoundFromFlipperToPun.wav; sourceTree = "<group>"; };
		2A0ED8892E5A88E600884F3B /* BallRevival.wav */ = {isa = PBXFileReference; lastKnownFileType = audio.wav; path = BallRevival.wav; sourceTree = "<group>"; };
		2A0ED88B2E5A8C4300884F3B /* BallJump.wav */ = {isa = PBXFileReference; lastKnownFileType = audio.wav; path = BallJump.wav; sourceTree = "<group>"; };
		2A0ED8912E5A9F6100884F3B /* BossPushAttackCharge.wav */ = {isa = PBXFileReference; lastKnownFileType = audio.wav; path = BossPushAttackCharge.wav; sourceTree = "<group>"; };
		2A1E506A2E5AE07F0041DF44 /* BossMusic.mp3 */ = {isa = PBXFileReference; lastKnownFileType = audio.mp3; path = BossMusic.mp3; sourceTree = "<group>"; };
		2A1E506B2E5AE07F0041DF44 /* PinballScreenMusic.mp3 */ = {isa = PBXFileReference; lastKnownFileType = audio.mp3; path = PinballScreenMusic.mp3; sourceTree = "<group>"; };
		2A1E506C2E5AE07F0041DF44 /* StartupScreenMusic.mp3 */ = {isa = PBXFileReference; lastKnownFileType = audio.mp3; path = StartupScreenMusic.mp3; sourceTree = "<group>"; };
		2AFE52E92E347FEB00B2CDEA /* PinballMadness.app */ = {isa = PBXFileReference; explicitFileType = wrapper.application; includeInIndex = 0; path = PinballMadness.app; sourceTree = BUILT_PRODUCTS_DIR; };
		2AFE52F92E347FEC00B2CDEA /* PinballMadnessTests.xctest */ = {isa = PBXFileReference; explicitFileType = wrapper.cfbundle; includeInIndex = 0; path = PinballMadnessTests.xctest; sourceTree = BUILT_PRODUCTS_DIR; };
		2AFE53032E347FEC00B2CDEA /* PinballMadnessUITests.xctest */ = {isa = PBXFileReference; explicitFileType = wrapper.cfbundle; includeInIndex = 0; path = PinballMadnessUITests.xctest; sourceTree = BUILT_PRODUCTS_DIR; };
/* End PBXFileReference section */

/* Begin PBXFileSystemSynchronizedBuildFileExceptionSet section */
		2A710CCC2E725D6A009C68A1 /* Exceptions for "PinballMadness" folder in "PinballMadness" target */ = {
			isa = PBXFileSystemSynchronizedBuildFileExceptionSet;
			membershipExceptions = (
				Info.plist,
			);
			target = 2AFE52E82E347FEB00B2CDEA /* PinballMadness */;
		};
/* End PBXFileSystemSynchronizedBuildFileExceptionSet section */

/* Begin PBXFileSystemSynchronizedRootGroup section */
		2AFE52EB2E347FEB00B2CDEA /* PinballMadness */ = {
			isa = PBXFileSystemSynchronizedRootGroup;
			exceptions = (
				2A710CCC2E725D6A009C68A1 /* Exceptions for "PinballMadness" folder in "PinballMadness" target */,
			);
			path = PinballMadness;
			sourceTree = "<group>";
		};
		2AFE52FC2E347FEC00B2CDEA /* PinballMadnessTests */ = {
			isa = PBXFileSystemSynchronizedRootGroup;
			path = PinballMadnessTests;
			sourceTree = "<group>";
		};
		2AFE53062E347FEC00B2CDEA /* PinballMadnessUITests */ = {
			isa = PBXFileSystemSynchronizedRootGroup;
			path = PinballMadnessUITests;
			sourceTree = "<group>";
		};
/* End PBXFileSystemSynchronizedRootGroup section */

/* Begin PBXFrameworksBuildPhase section */
		2AFE52E62E347FEB00B2CDEA /* Frameworks */ = {
			isa = PBXFrameworksBuildPhase;
			buildActionMask = 2147483647;
			files = (
				2A710CCF2E725FB7009C68A1 /* GoogleMobileAds in Frameworks */,
			);
			runOnlyForDeploymentPostprocessing = 0;
		};
		2AFE52F62E347FEC00B2CDEA /* Frameworks */ = {
			isa = PBXFrameworksBuildPhase;
			buildActionMask = 2147483647;
			files = (
			);
			runOnlyForDeploymentPostprocessing = 0;
		};
		2AFE53002E347FEC00B2CDEA /* Frameworks */ = {
			isa = PBXFrameworksBuildPhase;
			buildActionMask = 2147483647;
			files = (
			);
			runOnlyForDeploymentPostprocessing = 0;
		};
/* End PBXFrameworksBuildPhase section */

/* Begin PBXGroup section */
		2A0ED8662E5A7FE500884F3B /* Audio */ = {
			isa = PBXGroup;
			children = (
				2A0ED8672E5A803100884F3B /* AchievementUnlocked.wav */,
				2A0ED8682E5A803100884F3B /* BossLaserAttackChargeUp.wav */,
				2A0ED86A2E5A803100884F3B /* BumperSoundEffect.mp3 */,
				2A0ED86B2E5A803100884F3B /* ButtonPressed.wav */,
				2A0ED86C2E5A803100884F3B /* ClockTickSound.wav */,
				2A0ED86D2E5A803100884F3B /* FlipperSoundEffect.wav */,
				2A0ED86E2E5A803100884F3B /* GettingHitWithAirAttack.wav */,
				2A0ED86F2E5A803100884F3B /* HittingMeteorSoundEffect.wav */,
				2A0ED8892E5A88E600884F3B /* BallRevival.wav */,
				2A0ED8702E5A803100884F3B /* ItemSmashed.mp3 */,
				2A0ED88B2E5A8C4300884F3B /* BallJump.wav */,
				2A0ED8912E5A9F6100884F3B /* BossPushAttackCharge.wav */,
				2A0ED8712E5A803100884F3B /* LaserImpactSound.wav */,
				2A0ED8722E5A803100884F3B /* LoseSound.mp3 */,
				2A0ED8742E5A803100884F3B /* PunReleased.wav */,
				2A0ED8752E5A803100884F3B /* SettingChanged.wav */,
				2A0ED8762E5A803100884F3B /* TeleportationFromPinballToBoss.wav */,
				2A0ED8772E5A803100884F3B /* TransitionSoundFromFlipperToPun.wav */,
				2A1E506A2E5AE07F0041DF44 /* BossMusic.mp3 */,
				2A1E506B2E5AE07F0041DF44 /* PinballScreenMusic.mp3 */,
				2A1E506C2E5AE07F0041DF44 /* StartupScreenMusic.mp3 */,
			);
			path = Audio;
			sourceTree = "<group>";
		};
		2A710CCD2E725FB7009C68A1 /* Frameworks */ = {
			isa = PBXGroup;
			children = (
			);
			name = Frameworks;
			sourceTree = "<group>";
		};
		2AFE52E02E347FEB00B2CDEA = {
			isa = PBXGroup;
			children = (
				2A0ED8662E5A7FE500884F3B /* Audio */,
				2AFE52EB2E347FEB00B2CDEA /* PinballMadness */,
				2AFE52FC2E347FEC00B2CDEA /* PinballMadnessTests */,
				2AFE53062E347FEC00B2CDEA /* PinballMadnessUITests */,
				2A710CCD2E725FB7009C68A1 /* Frameworks */,
				2AFE52EA2E347FEB00B2CDEA /* Products */,
			);
			sourceTree = "<group>";
		};
		2AFE52EA2E347FEB00B2CDEA /* Products */ = {
			isa = PBXGroup;
			children = (
				2AFE52E92E347FEB00B2CDEA /* PinballMadness.app */,
				2AFE52F92E347FEC00B2CDEA /* PinballMadnessTests.xctest */,
				2AFE53032E347FEC00B2CDEA /* PinballMadnessUITests.xctest */,
			);
			name = Products;
			sourceTree = "<group>";
		};
/* End PBXGroup section */

/* Begin PBXNativeTarget section */
		2AFE52E82E347FEB00B2CDEA /* PinballMadness */ = {
			isa = PBXNativeTarget;
			buildConfigurationList = 2AFE530D2E347FEC00B2CDEA /* Build configuration list for PBXNativeTarget "PinballMadness" */;
			buildPhases = (
				2AFE52E52E347FEB00B2CDEA /* Sources */,
				2AFE52E62E347FEB00B2CDEA /* Frameworks */,
				2AFE52E72E347FEB00B2CDEA /* Resources */,
				2A6CD5612E73E8140063E052 /* Run Script */,
			);
			buildRules = (
			);
			dependencies = (
			);
			fileSystemSynchronizedGroups = (
				2AFE52EB2E347FEB00B2CDEA /* PinballMadness */,
			);
			name = PinballMadness;
			packageProductDependencies = (
				2A710CCE2E725FB7009C68A1 /* GoogleMobileAds */,
			);
			productName = PinballMadness;
			productReference = 2AFE52E92E347FEB00B2CDEA /* PinballMadness.app */;
			productType = "com.apple.product-type.application";
		};
		2AFE52F82E347FEC00B2CDEA /* PinballMadnessTests */ = {
			isa = PBXNativeTarget;
			buildConfigurationList = 2AFE53102E347FEC00B2CDEA /* Build configuration list for PBXNativeTarget "PinballMadnessTests" */;
			buildPhases = (
				2AFE52F52E347FEC00B2CDEA /* Sources */,
				2AFE52F62E347FEC00B2CDEA /* Frameworks */,
				2AFE52F72E347FEC00B2CDEA /* Resources */,
			);
			buildRules = (
			);
			dependencies = (
				2AFE52FB2E347FEC00B2CDEA /* PBXTargetDependency */,
			);
			fileSystemSynchronizedGroups = (
				2AFE52FC2E347FEC00B2CDEA /* PinballMadnessTests */,
			);
			name = PinballMadnessTests;
			packageProductDependencies = (
			);
			productName = PinballMadnessTests;
			productReference = 2AFE52F92E347FEC00B2CDEA /* PinballMadnessTests.xctest */;
			productType = "com.apple.product-type.bundle.unit-test";
		};
		2AFE53022E347FEC00B2CDEA /* PinballMadnessUITests */ = {
			isa = PBXNativeTarget;
			buildConfigurationList = 2AFE53132E347FEC00B2CDEA /* Build configuration list for PBXNativeTarget "PinballMadnessUITests" */;
			buildPhases = (
				2AFE52FF2E347FEC00B2CDEA /* Sources */,
				2AFE53002E347FEC00B2CDEA /* Frameworks */,
				2AFE53012E347FEC00B2CDEA /* Resources */,
			);
			buildRules = (
			);
			dependencies = (
				2AFE53052E347FEC00B2CDEA /* PBXTargetDependency */,
			);
			fileSystemSynchronizedGroups = (
				2AFE53062E347FEC00B2CDEA /* PinballMadnessUITests */,
			);
			name = PinballMadnessUITests;
			packageProductDependencies = (
			);
			productName = PinballMadnessUITests;
			productReference = 2AFE53032E347FEC00B2CDEA /* PinballMadnessUITests.xctest */;
			productType = "com.apple.product-type.bundle.ui-testing";
		};
/* End PBXNativeTarget section */

/* Begin PBXProject section */
		2AFE52E12E347FEB00B2CDEA /* Project object */ = {
			isa = PBXProject;
			attributes = {
				BuildIndependentTargetsInParallel = 1;
				LastSwiftUpdateCheck = 1620;
				LastUpgradeCheck = 1620;
				TargetAttributes = {
					2AFE52E82E347FEB00B2CDEA = {
						CreatedOnToolsVersion = 16.2;
					};
					2AFE52F82E347FEC00B2CDEA = {
						CreatedOnToolsVersion = 16.2;
						TestTargetID = 2AFE52E82E347FEB00B2CDEA;
					};
					2AFE53022E347FEC00B2CDEA = {
						CreatedOnToolsVersion = 16.2;
						TestTargetID = 2AFE52E82E347FEB00B2CDEA;
					};
				};
			};
			buildConfigurationList = 2AFE52E42E347FEB00B2CDEA /* Build configuration list for PBXProject "PinballMadness" */;
			developmentRegion = en;
			hasScannedForEncodings = 0;
			knownRegions = (
				en,
				Base,
			);
			mainGroup = 2AFE52E02E347FEB00B2CDEA;
			minimizedProjectReferenceProxies = 1;
			packageReferences = (
				2A710CC62E725989009C68A1 /* XCRemoteSwiftPackageReference "swift-package-manager-google-mobile-ads" */,
			);
			preferredProjectObjectVersion = 77;
			productRefGroup = 2AFE52EA2E347FEB00B2CDEA /* Products */;
			projectDirPath = "";
			projectRoot = "";
			targets = (
				2AFE52E82E347FEB00B2CDEA /* PinballMadness */,
				2AFE52F82E347FEC00B2CDEA /* PinballMadnessTests */,
				2AFE53022E347FEC00B2CDEA /* PinballMadnessUITests */,
			);
		};
/* End PBXProject section */

/* Begin PBXResourcesBuildPhase section */
		2AFE52E72E347FEB00B2CDEA /* Resources */ = {
			isa = PBXResourcesBuildPhase;
			buildActionMask = 2147483647;
			files = (
				2A0ED8782E5A803100884F3B /* BumperSoundEffect.mp3 in Resources */,
				2A0ED8792E5A803100884F3B /* SettingChanged.wav in Resources */,
				2A0ED87A2E5A803100884F3B /* ItemSmashed.mp3 in Resources */,
				2A0ED87B2E5A803100884F3B /* HittingMeteorSoundEffect.wav in Resources */,
				2A0ED88C2E5A8C4300884F3B /* BallJump.wav in Resources */,
				2A0ED87C2E5A803100884F3B /* ClockTickSound.wav in Resources */,
				2A0ED87D2E5A803100884F3B /* LaserImpactSound.wav in Resources */,
				2A0ED88A2E5A88E600884F3B /* BallRevival.wav in Resources */,
				2A0ED8922E5A9F6100884F3B /* BossPushAttackCharge.wav in Resources */,
				2A0ED87E2E5A803100884F3B /* LoseSound.mp3 in Resources */,
				2A0ED87F2E5A803100884F3B /* FlipperSoundEffect.wav in Resources */,
				2A0ED8802E5A803100884F3B /* PunReleased.wav in Resources */,
				2A0ED8812E5A803100884F3B /* TeleportationFromPinballToBoss.wav in Resources */,
				2A1E506D2E5AE07F0041DF44 /* PinballScreenMusic.mp3 in Resources */,
				2A1E506E2E5AE07F0041DF44 /* BossMusic.mp3 in Resources */,
				2A1E506F2E5AE07F0041DF44 /* StartupScreenMusic.mp3 in Resources */,
				2A0ED8822E5A803100884F3B /* ButtonPressed.wav in Resources */,
				2A0ED8832E5A803100884F3B /* GettingHitWithAirAttack.wav in Resources */,
				2A0ED8842E5A803100884F3B /* TransitionSoundFromFlipperToPun.wav in Resources */,
				2A0ED8862E5A803100884F3B /* AchievementUnlocked.wav in Resources */,
				2A0ED8872E5A803100884F3B /* BossLaserAttackChargeUp.wav in Resources */,
			);
			runOnlyForDeploymentPostprocessing = 0;
		};
		2AFE52F72E347FEC00B2CDEA /* Resources */ = {
			isa = PBXResourcesBuildPhase;
			buildActionMask = 2147483647;
			files = (
			);
			runOnlyForDeploymentPostprocessing = 0;
		};
		2AFE53012E347FEC00B2CDEA /* Resources */ = {
			isa = PBXResourcesBuildPhase;
			buildActionMask = 2147483647;
			files = (
			);
			runOnlyForDeploymentPostprocessing = 0;
		};
/* End PBXResourcesBuildPhase section */

/* Begin PBXShellScriptBuildPhase section */
		2A6CD5612E73E8140063E052 /* Run Script */ = {
			isa = PBXShellScriptBuildPhase;
			alwaysOutOfDate = 1;
			buildActionMask = 8;
			files = (
			);
			inputFileListPaths = (
			);
			inputPaths = (
			);
			name = "Run Script";
			outputFileListPaths = (
			);
			outputPaths = (
			);
			runOnlyForDeploymentPostprocessing = 1;
			shellPath = /bin/sh;
			shellScript = "# Works with /bin/sh or /bin/bash\n\n# Only run for Release (Archive)\nif [ \"${CONFIGURATION}\" != \"Release\" ]; then\n  echo \"[dSYM copy] Skip: not Release\"\n  exit 0\nfi\n\nDEST=\"${DWARF_DSYM_FOLDER_PATH:-}\"\nif [ -z \"$DEST\" ]; then\n  echo \"[dSYM copy] No DWARF_DSYM_FOLDER_PATH; skipping\"\n  exit 0\nfi\nmkdir -p \"$DEST\"\n\n# SPM root for this build\nSPM_ROOT=\"${BUILD_DIR%Build/*}SourcePackages\"\necho \"[dSYM copy] DEST: $DEST\"\necho \"[dSYM copy] SPM_ROOT: $SPM_ROOT\"\n\n# Search both places SPM uses\ncopied=0\nfor dir in \"$SPM_ROOT/artifacts\" \"$SPM_ROOT/checkouts\"; do\n  if [ -d \"$dir\" ]; then\n    echo \"[dSYM copy] Scanning: $dir\"\n    # Use a pipe instead of process substitution (portable)\n    find \"$dir\" -type d \\( -name \"GoogleMobileAds*.dSYM\" -o -name \"UserMessagingPlatform*.dSYM\" \\) -print0 \\\n    | while IFS= read -r -d '' dsym; do\n        name=\"$(basename \"$dsym\")\"\n        echo \"[dSYM copy] Copying $name -> $DEST\"\n        rsync -a \"$dsym\" \"$DEST\" || true\n        copied=1\n      done\n  else\n    echo \"[dSYM copy] Missing directory: $dir (ok)\"\n  fi\ndone\n\necho \"[dSYM copy] Finished.\"\n# Never fail the build\nexit 0\n";
		};
/* End PBXShellScriptBuildPhase section */

/* Begin PBXSourcesBuildPhase section */
		2AFE52E52E347FEB00B2CDEA /* Sources */ = {
			isa = PBXSourcesBuildPhase;
			buildActionMask = 2147483647;
			files = (
			);
			runOnlyForDeploymentPostprocessing = 0;
		};
		2AFE52F52E347FEC00B2CDEA /* Sources */ = {
			isa = PBXSourcesBuildPhase;
			buildActionMask = 2147483647;
			files = (
			);
			runOnlyForDeploymentPostprocessing = 0;
		};
		2AFE52FF2E347FEC00B2CDEA /* Sources */ = {
			isa = PBXSourcesBuildPhase;
			buildActionMask = 2147483647;
			files = (
			);
			runOnlyForDeploymentPostprocessing = 0;
		};
/* End PBXSourcesBuildPhase section */

/* Begin PBXTargetDependency section */
		2AFE52FB2E347FEC00B2CDEA /* PBXTargetDependency */ = {
			isa = PBXTargetDependency;
			target = 2AFE52E82E347FEB00B2CDEA /* PinballMadness */;
			targetProxy = 2AFE52FA2E347FEC00B2CDEA /* PBXContainerItemProxy */;
		};
		2AFE53052E347FEC00B2CDEA /* PBXTargetDependency */ = {
			isa = PBXTargetDependency;
			target = 2AFE52E82E347FEB00B2CDEA /* PinballMadness */;
			targetProxy = 2AFE53042E347FEC00B2CDEA /* PBXContainerItemProxy */;
		};
/* End PBXTargetDependency section */

/* Begin XCBuildConfiguration section */
		2AFE530B2E347FEC00B2CDEA /* Debug */ = {
			isa = XCBuildConfiguration;
			buildSettings = {
				ALWAYS_SEARCH_USER_PATHS = NO;
				ASSETCATALOG_COMPILER_GENERATE_SWIFT_ASSET_SYMBOL_EXTENSIONS = YES;
				CLANG_ANALYZER_NONNULL = YES;
				CLANG_ANALYZER_NUMBER_OBJECT_CONVERSION = YES_AGGRESSIVE;
				CLANG_CXX_LANGUAGE_STANDARD = "gnu++20";
				CLANG_ENABLE_MODULES = YES;
				CLANG_ENABLE_OBJC_ARC = YES;
				CLANG_ENABLE_OBJC_WEAK = YES;
				CLANG_WARN_BLOCK_CAPTURE_AUTORELEASING = YES;
				CLANG_WARN_BOOL_CONVERSION = YES;
				CLANG_WARN_COMMA = YES;
				CLANG_WARN_CONSTANT_CONVERSION = YES;
				CLANG_WARN_DEPRECATED_OBJC_IMPLEMENTATIONS = YES;
				CLANG_WARN_DIRECT_OBJC_ISA_USAGE = YES_ERROR;
				CLANG_WARN_DOCUMENTATION_COMMENTS = YES;
				CLANG_WARN_EMPTY_BODY = YES;
				CLANG_WARN_ENUM_CONVERSION = YES;
				CLANG_WARN_INFINITE_RECURSION = YES;
				CLANG_WARN_INT_CONVERSION = YES;
				CLANG_WARN_NON_LITERAL_NULL_CONVERSION = YES;
				CLANG_WARN_OBJC_IMPLICIT_RETAIN_SELF = YES;
				CLANG_WARN_OBJC_LITERAL_CONVERSION = YES;
				CLANG_WARN_OBJC_ROOT_CLASS = YES_ERROR;
				CLANG_WARN_QUOTED_INCLUDE_IN_FRAMEWORK_HEADER = YES;
				CLANG_WARN_RANGE_LOOP_ANALYSIS = YES;
				CLANG_WARN_STRICT_PROTOTYPES = YES;
				CLANG_WARN_SUSPICIOUS_MOVE = YES;
				CLANG_WARN_UNGUARDED_AVAILABILITY = YES_AGGRESSIVE;
				CLANG_WARN_UNREACHABLE_CODE = YES;
				CLANG_WARN__DUPLICATE_METHOD_MATCH = YES;
				COPY_PHASE_STRIP = NO;
				DEBUG_INFORMATION_FORMAT = dwarf;
				ENABLE_STRICT_OBJC_MSGSEND = YES;
				ENABLE_TESTABILITY = YES;
				ENABLE_USER_SCRIPT_SANDBOXING = YES;
				GCC_C_LANGUAGE_STANDARD = gnu17;
				GCC_DYNAMIC_NO_PIC = NO;
				GCC_NO_COMMON_BLOCKS = YES;
				GCC_OPTIMIZATION_LEVEL = 0;
				GCC_PREPROCESSOR_DEFINITIONS = (
					"DEBUG=1",
					"$(inherited)",
				);
				GCC_WARN_64_TO_32_BIT_CONVERSION = YES;
				GCC_WARN_ABOUT_RETURN_TYPE = YES_ERROR;
				GCC_WARN_UNDECLARED_SELECTOR = YES;
				GCC_WARN_UNINITIALIZED_AUTOS = YES_AGGRESSIVE;
				GCC_WARN_UNUSED_FUNCTION = YES;
				GCC_WARN_UNUSED_VARIABLE = YES;
				IPHONEOS_DEPLOYMENT_TARGET = 18.2;
				LOCALIZATION_PREFERS_STRING_CATALOGS = YES;
				MTL_ENABLE_DEBUG_INFO = INCLUDE_SOURCE;
				MTL_FAST_MATH = YES;
				ONLY_ACTIVE_ARCH = YES;
				SDKROOT = iphoneos;
				SWIFT_ACTIVE_COMPILATION_CONDITIONS = "DEBUG $(inherited)";
				SWIFT_OPTIMIZATION_LEVEL = "-Onone";
			};
			name = Debug;
		};
		2AFE530C2E347FEC00B2CDEA /* Release */ = {
			isa = XCBuildConfiguration;
			buildSettings = {
				ALWAYS_SEARCH_USER_PATHS = NO;
				ASSETCATALOG_COMPILER_GENERATE_SWIFT_ASSET_SYMBOL_EXTENSIONS = YES;
				CLANG_ANALYZER_NONNULL = YES;
				CLANG_ANALYZER_NUMBER_OBJECT_CONVERSION = YES_AGGRESSIVE;
				CLANG_CXX_LANGUAGE_STANDARD = "gnu++20";
				CLANG_ENABLE_MODULES = YES;
				CLANG_ENABLE_OBJC_ARC = YES;
				CLANG_ENABLE_OBJC_WEAK = YES;
				CLANG_WARN_BLOCK_CAPTURE_AUTORELEASING = YES;
				CLANG_WARN_BOOL_CONVERSION = YES;
				CLANG_WARN_COMMA = YES;
				CLANG_WARN_CONSTANT_CONVERSION = YES;
				CLANG_WARN_DEPRECATED_OBJC_IMPLEMENTATIONS = YES;
				CLANG_WARN_DIRECT_OBJC_ISA_USAGE = YES_ERROR;
				CLANG_WARN_DOCUMENTATION_COMMENTS = YES;
				CLANG_WARN_EMPTY_BODY = YES;
				CLANG_WARN_ENUM_CONVERSION = YES;
				CLANG_WARN_INFINITE_RECURSION = YES;
				CLANG_WARN_INT_CONVERSION = YES;
				CLANG_WARN_NON_LITERAL_NULL_CONVERSION = YES;
				CLANG_WARN_OBJC_IMPLICIT_RETAIN_SELF = YES;
				CLANG_WARN_OBJC_LITERAL_CONVERSION = YES;
				CLANG_WARN_OBJC_ROOT_CLASS = YES_ERROR;
				CLANG_WARN_QUOTED_INCLUDE_IN_FRAMEWORK_HEADER = YES;
				CLANG_WARN_RANGE_LOOP_ANALYSIS = YES;
				CLANG_WARN_STRICT_PROTOTYPES = YES;
				CLANG_WARN_SUSPICIOUS_MOVE = YES;
				CLANG_WARN_UNGUARDED_AVAILABILITY = YES_AGGRESSIVE;
				CLANG_WARN_UNREACHABLE_CODE = YES;
				CLANG_WARN__DUPLICATE_METHOD_MATCH = YES;
				COPY_PHASE_STRIP = NO;
				DEBUG_INFORMATION_FORMAT = "dwarf-with-dsym";
				ENABLE_NS_ASSERTIONS = NO;
				ENABLE_STRICT_OBJC_MSGSEND = YES;
				ENABLE_USER_SCRIPT_SANDBOXING = YES;
				GCC_C_LANGUAGE_STANDARD = gnu17;
				GCC_NO_COMMON_BLOCKS = YES;
				GCC_WARN_64_TO_32_BIT_CONVERSION = YES;
				GCC_WARN_ABOUT_RETURN_TYPE = YES_ERROR;
				GCC_WARN_UNDECLARED_SELECTOR = YES;
				GCC_WARN_UNINITIALIZED_AUTOS = YES_AGGRESSIVE;
				GCC_WARN_UNUSED_FUNCTION = YES;
				GCC_WARN_UNUSED_VARIABLE = YES;
				IPHONEOS_DEPLOYMENT_TARGET = 18.2;
				LOCALIZATION_PREFERS_STRING_CATALOGS = YES;
				MTL_ENABLE_DEBUG_INFO = NO;
				MTL_FAST_MATH = YES;
				SDKROOT = iphoneos;
				SWIFT_COMPILATION_MODE = wholemodule;
				VALIDATE_PRODUCT = YES;
			};
			name = Release;
		};
		2AFE530E2E347FEC00B2CDEA /* Debug */ = {
			isa = XCBuildConfiguration;
			buildSettings = {
				ASSETCATALOG_COMPILER_APPICON_NAME = AppIcon;
				ASSETCATALOG_COMPILER_GLOBAL_ACCENT_COLOR_NAME = AccentColor;
				CODE_SIGN_STYLE = Automatic;
				CURRENT_PROJECT_VERSION = 1;
				DEBUG_INFORMATION_FORMAT = "dwarf-with-dsym";
				DEVELOPMENT_ASSET_PATHS = "\"PinballMadness/Preview Content\"";
				DEVELOPMENT_TEAM = B2R3KZW663;
				ENABLE_PREVIEWS = YES;
				GENERATE_INFOPLIST_FILE = YES;
				INFOPLIST_FILE = PinballMadness/Info.plist;
				INFOPLIST_KEY_LSApplicationCategoryType = "public.app-category.arcade-games";
				INFOPLIST_KEY_UIApplicationSceneManifest_Generation = YES;
				INFOPLIST_KEY_UIApplicationSupportsIndirectInputEvents = YES;
				INFOPLIST_KEY_UILaunchScreen_Generation = YES;
				INFOPLIST_KEY_UILaunchStoryboardName = BckgroundImageGeneral;
				INFOPLIST_KEY_UIRequiresFullScreen = YES;
				INFOPLIST_KEY_UIStatusBarHidden = YES;
				INFOPLIST_KEY_UISupportedInterfaceOrientations = UIInterfaceOrientationPortrait;
				LD_RUNPATH_SEARCH_PATHS = (
					"$(inherited)",
					"@executable_path/Frameworks",
				);
				MARKETING_VERSION = 1.0;
				PRODUCT_BUNDLE_IDENTIFIER = hb.PinballMadness;
				PRODUCT_NAME = "$(TARGET_NAME)";
				SWIFT_EMIT_LOC_STRINGS = YES;
				SWIFT_VERSION = 5.0;
				TARGETED_DEVICE_FAMILY = "1,2";
			};
			name = Debug;
		};
		2AFE530F2E347FEC00B2CDEA /* Release */ = {
			isa = XCBuildConfiguration;
			buildSettings = {
				ASSETCATALOG_COMPILER_APPICON_NAME = AppIcon;
				ASSETCATALOG_COMPILER_GLOBAL_ACCENT_COLOR_NAME = AccentColor;
				CODE_SIGN_STYLE = Automatic;
				CURRENT_PROJECT_VERSION = 1;
				DEVELOPMENT_ASSET_PATHS = "\"PinballMadness/Preview Content\"";
				DEVELOPMENT_TEAM = B2R3KZW663;
				ENABLE_PREVIEWS = YES;
				GENERATE_INFOPLIST_FILE = YES;
				INFOPLIST_FILE = PinballMadness/Info.plist;
				INFOPLIST_KEY_LSApplicationCategoryType = "public.app-category.arcade-games";
				INFOPLIST_KEY_UIApplicationSceneManifest_Generation = YES;
				INFOPLIST_KEY_UIApplicationSupportsIndirectInputEvents = YES;
				INFOPLIST_KEY_UILaunchScreen_Generation = YES;
				INFOPLIST_KEY_UILaunchStoryboardName = BckgroundImageGeneral;
				INFOPLIST_KEY_UIRequiresFullScreen = YES;
				INFOPLIST_KEY_UIStatusBarHidden = YES;
				INFOPLIST_KEY_UISupportedInterfaceOrientations = UIInterfaceOrientationPortrait;
				LD_RUNPATH_SEARCH_PATHS = (
					"$(inherited)",
					"@executable_path/Frameworks",
				);
				MARKETING_VERSION = 1.0;
				PRODUCT_BUNDLE_IDENTIFIER = hb.PinballMadness;
				PRODUCT_NAME = "$(TARGET_NAME)";
				SWIFT_EMIT_LOC_STRINGS = YES;
				SWIFT_VERSION = 5.0;
				TARGETED_DEVICE_FAMILY = "1,2";
			};
			name = Release;
		};
		2AFE53112E347FEC00B2CDEA /* Debug */ = {
			isa = XCBuildConfiguration;
			buildSettings = {
				BUNDLE_LOADER = "$(TEST_HOST)";
				"CODE_SIGN_IDENTITY[sdk=macosx*]" = "Apple Development";
				CODE_SIGN_STYLE = Automatic;
				CURRENT_PROJECT_VERSION = 1;
				DEVELOPMENT_TEAM = B2R3KZW663;
				GENERATE_INFOPLIST_FILE = YES;
				IPHONEOS_DEPLOYMENT_TARGET = 18.2;
				MARKETING_VERSION = 1.0;
				PRODUCT_BUNDLE_IDENTIFIER = hb.PinballMadnessTests;
				PRODUCT_NAME = "$(TARGET_NAME)";
				SWIFT_EMIT_LOC_STRINGS = NO;
				SWIFT_VERSION = 5.0;
				TARGETED_DEVICE_FAMILY = "1,2";
				TEST_HOST = "$(BUILT_PRODUCTS_DIR)/PinballMadness.app/$(BUNDLE_EXECUTABLE_FOLDER_PATH)/PinballMadness";
			};
			name = Debug;
		};
		2AFE53122E347FEC00B2CDEA /* Release */ = {
			isa = XCBuildConfiguration;
			buildSettings = {
				BUNDLE_LOADER = "$(TEST_HOST)";
				"CODE_SIGN_IDENTITY[sdk=macosx*]" = "Apple Development";
				CODE_SIGN_STYLE = Automatic;
				CURRENT_PROJECT_VERSION = 1;
				DEVELOPMENT_TEAM = B2R3KZW663;
				GENERATE_INFOPLIST_FILE = YES;
				IPHONEOS_DEPLOYMENT_TARGET = 18.2;
				MARKETING_VERSION = 1.0;
				PRODUCT_BUNDLE_IDENTIFIER = hb.PinballMadnessTests;
				PRODUCT_NAME = "$(TARGET_NAME)";
				SWIFT_EMIT_LOC_STRINGS = NO;
				SWIFT_VERSION = 5.0;
				TARGETED_DEVICE_FAMILY = "1,2";
				TEST_HOST = "$(BUILT_PRODUCTS_DIR)/PinballMadness.app/$(BUNDLE_EXECUTABLE_FOLDER_PATH)/PinballMadness";
			};
			name = Release;
		};
		2AFE53142E347FEC00B2CDEA /* Debug */ = {
			isa = XCBuildConfiguration;
			buildSettings = {
				CODE_SIGN_STYLE = Automatic;
				CURRENT_PROJECT_VERSION = 1;
				DEVELOPMENT_TEAM = B2R3KZW663;
				GENERATE_INFOPLIST_FILE = YES;
				MARKETING_VERSION = 1.0;
				PRODUCT_BUNDLE_IDENTIFIER = hb.PinballMadnessUITests;
				PRODUCT_NAME = "$(TARGET_NAME)";
				SWIFT_EMIT_LOC_STRINGS = NO;
				SWIFT_VERSION = 5.0;
				TARGETED_DEVICE_FAMILY = "1,2";
				TEST_TARGET_NAME = PinballMadness;
			};
			name = Debug;
		};
		2AFE53152E347FEC00B2CDEA /* Release */ = {
			isa = XCBuildConfiguration;
			buildSettings = {
				CODE_SIGN_STYLE = Automatic;
				CURRENT_PROJECT_VERSION = 1;
				DEVELOPMENT_TEAM = B2R3KZW663;
				GENERATE_INFOPLIST_FILE = YES;
				MARKETING_VERSION = 1.0;
				PRODUCT_BUNDLE_IDENTIFIER = hb.PinballMadnessUITests;
				PRODUCT_NAME = "$(TARGET_NAME)";
				SWIFT_EMIT_LOC_STRINGS = NO;
				SWIFT_VERSION = 5.0;
				TARGETED_DEVICE_FAMILY = "1,2";
				TEST_TARGET_NAME = PinballMadness;
			};
			name = Release;
		};
/* End XCBuildConfiguration section */

/* Begin XCConfigurationList section */
		2AFE52E42E347FEB00B2CDEA /* Build configuration list for PBXProject "PinballMadness" */ = {
			isa = XCConfigurationList;
			buildConfigurations = (
				2AFE530B2E347FEC00B2CDEA /* Debug */,
				2AFE530C2E347FEC00B2CDEA /* Release */,
			);
			defaultConfigurationIsVisible = 0;
			defaultConfigurationName = Release;
		};
		2AFE530D2E347FEC00B2CDEA /* Build configuration list for PBXNativeTarget "PinballMadness" */ = {
			isa = XCConfigurationList;
			buildConfigurations = (
				2AFE530E2E347FEC00B2CDEA /* Debug */,
				2AFE530F2E347FEC00B2CDEA /* Release */,
			);
			defaultConfigurationIsVisible = 0;
			defaultConfigurationName = Release;
		};
		2AFE53102E347FEC00B2CDEA /* Build configuration list for PBXNativeTarget "PinballMadnessTests" */ = {
			isa = XCConfigurationList;
			buildConfigurations = (
				2AFE53112E347FEC00B2CDEA /* Debug */,
				2AFE53122E347FEC00B2CDEA /* Release */,
			);
			defaultConfigurationIsVisible = 0;
			defaultConfigurationName = Release;
		};
		2AFE53132E347FEC00B2CDEA /* Build configuration list for PBXNativeTarget "PinballMadnessUITests" */ = {
			isa = XCConfigurationList;
			buildConfigurations = (
				2AFE53142E347FEC00B2CDEA /* Debug */,
				2AFE53152E347FEC00B2CDEA /* Release */,
			);
			defaultConfigurationIsVisible = 0;
			defaultConfigurationName = Release;
		};
/* End XCConfigurationList section */

/* Begin XCRemoteSwiftPackageReference section */
		2A710CC62E725989009C68A1 /* XCRemoteSwiftPackageReference "swift-package-manager-google-mobile-ads" */ = {
			isa = XCRemoteSwiftPackageReference;
			repositoryURL = "https://github.com/googleads/swift-package-manager-google-mobile-ads";
			requirement = {
				kind = upToNextMajorVersion;
				minimumVersion = 12.11.0;
			};
		};
/* End XCRemoteSwiftPackageReference section */

/* Begin XCSwiftPackageProductDependency section */
		2A710CCE2E725FB7009C68A1 /* GoogleMobileAds */ = {
			isa = XCSwiftPackageProductDependency;
			package = 2A710CC62E725989009C68A1 /* XCRemoteSwiftPackageReference "swift-package-manager-google-mobile-ads" */;
			productName = GoogleMobileAds;
		};
/* End XCSwiftPackageProductDependency section */
	};
	rootObject = 2AFE52E12E347FEB00B2CDEA /* Project object */;
}
